
Microsoft Visual Studio Solution File, Format Version 12.00
# Visual Studio Version 17
VisualStudioVersion = 17.13.35931.197 d17.13
MinimumVisualStudioVersion = 10.0.40219.1
Project("{FAE04EC0-301F-11D3-BF4B-00C04F79EFBC}") = "WpfDemo", "WpfDemo\WpfDemo.csproj", "{9F47474E-3198-40BC-9C6B-C9A784BAE320}"
EndProject
Global
	GlobalSection(SolutionConfigurationPlatforms) = preSolution
		Debug|Any CPU = Debug|Any CPU
		Release|Any CPU = Release|Any CPU
	EndGlobalSection
	GlobalSection(ProjectConfigurationPlatforms) = postSolution
		{9F47474E-3198-40BC-9C6B-C9A784BAE320}.Debug|Any CPU.ActiveCfg = Debug|Any CPU
		{9F47474E-3198-40BC-9C6B-C9A784BAE320}.Debug|Any CPU.Build.0 = Debug|Any CPU
		{9F47474E-3198-40BC-9C6B-C9A784BAE320}.Release|Any CPU.ActiveCfg = Release|Any CPU
		{9F47474E-3198-40BC-9C6B-C9A784BAE320}.Release|Any CPU.Build.0 = Release|Any CPU
	EndGlobalSection
	GlobalSection(SolutionProperties) = preSolution
		HideSolutionNode = FALSE
	EndGlobalSection
	GlobalSection(ExtensibilityGlobals) = postSolution
		SolutionGuid = {DA6664A6-1FA1-45A8-8AF7-52F1C307E1C1}
	EndGlobalSection
EndGlobal
